
Microsoft Visual Studio Solution File, Format Version 12.00
# Visual Studio 15
VisualStudioVersion = 15.0.27130.2036
MinimumVisualStudioVersion = 10.0.40219.1
Project("{2150E333-8FDC-42A3-9474-1A3956D46DE8}") = "SpeechToTextV1", "SpeechToTextV1", "{254924C9-64CD-4902-97C4-5F9E48DCDF7F}"
EndProject
Project("{2150E333-8FDC-42A3-9474-1A3956D46DE8}") = "TextToSpeechV1", "TextToSpeechV1", "{A86D4D5B-AECE-49F2-A2BC-F6897B3EB2E8}"
EndProject
Project("{2150E333-8FDC-42A3-9474-1A3956D46DE8}") = "ToneAnalyzerV3", "ToneAnalyzerV3", "{C7873F44-7188-49BE-84C5-532BE4E07147}"
EndProject
Project("{2150E333-8FDC-42A3-9474-1A3956D46DE8}") = "DiscoveryV1", "DiscoveryV1", "{BE946662-3884-45E9-A3B1-B28F3081AD1B}"
EndProject
Project("{2150E333-8FDC-42A3-9474-1A3956D46DE8}") = "VisualRecognitionV3", "VisualRecognitionV3", "{A1BC3262-1837-40D9-A530-DCFE679927C2}"
EndProject
Project("{2150E333-8FDC-42A3-9474-1A3956D46DE8}") = "PersonalityInsightsV3", "PersonalityInsightsV3", "{D65AC99F-4E63-4362-8765-EB6F15838CA0}"
EndProject
Project("{2150E333-8FDC-42A3-9474-1A3956D46DE8}") = "NaturalLanguageUnderstandingV1", "NaturalLanguageUnderstandingV1", "{89D715BF-7464-45FB-8DA0-9D7B46AB8C7F}"
EndProject
Project("{2150E333-8FDC-42A3-9474-1A3956D46DE8}") = "NaturalLanguageClassifierV1", "NaturalLanguageClassifierV1", "{5917402E-D9A2-4308-8A1A-9C0692939420}"
EndProject
Project("{2150E333-8FDC-42A3-9474-1A3956D46DE8}") = "AssistantV1", "AssistantV1", "{E3D238D7-7A09-4447-B836-8D6ABF4BFF80}"
EndProject
Project("{2150E333-8FDC-42A3-9474-1A3956D46DE8}") = "LanguageTranslatorV3", "LanguageTranslatorV3", "{65D78D49-E54F-4952-A1D4-7C8D0EDAA1B3}"
EndProject
Project("{2150E333-8FDC-42A3-9474-1A3956D46DE8}") = "AssistantV2", "AssistantV2", "{90E09BF8-A647-43B8-B721-05CAECFADD72}"
EndProject
Project("{2150E333-8FDC-42A3-9474-1A3956D46DE8}") = "CompareComplyV1", "CompareComplyV1", "{B368DCF7-FB57-4302-8467-4EB142394A29}"
EndProject
Project("{9A19103F-16F7-4668-BE54-9A1E7A4F7556}") = "IBM.Watson.Assistant.v1", "src\IBM.Watson.Assistant.v1\IBM.Watson.Assistant.v1.csproj", "{A82EA32D-C38A-4C53-AA52-E97030544CEA}"
EndProject
Project("{9A19103F-16F7-4668-BE54-9A1E7A4F7556}") = "IBM.Watson.Assistant.v2", "src\IBM.Watson.Assistant.v2\IBM.Watson.Assistant.v2.csproj", "{B0329DC8-838D-4B9B-A4C3-56C9D3BFF36B}"
EndProject
Project("{9A19103F-16F7-4668-BE54-9A1E7A4F7556}") = "IBM.Watson.CompareComply.v1", "src\IBM.Watson.CompareComply.v1\IBM.Watson.CompareComply.v1.csproj", "{88D22936-E120-4F07-9C3C-95C30EA0B41A}"
EndProject
Project("{9A19103F-16F7-4668-BE54-9A1E7A4F7556}") = "IBM.Watson.Discovery.v1", "src\IBM.Watson.Discovery.v1\IBM.Watson.Discovery.v1.csproj", "{24EAC6F5-013D-43B9-B523-8AE8D0AD3449}"
EndProject
Project("{9A19103F-16F7-4668-BE54-9A1E7A4F7556}") = "IBM.Watson.LanguageTranslator.v3", "src\IBM.Watson.LanguageTranslator.v3\IBM.Watson.LanguageTranslator.v3.csproj", "{C11732D7-2D12-4EA6-8D1C-E3629C65FB1A}"
EndProject
Project("{9A19103F-16F7-4668-BE54-9A1E7A4F7556}") = "IBM.Watson.NaturalLanguageUnderstanding.v1", "src\IBM.Watson.NaturalLanguageUnderstanding.v1\IBM.Watson.NaturalLanguageUnderstanding.v1.csproj", "{559B3CB2-8AAD-4E8F-80C7-918DAE5AAC95}"
EndProject
Project("{9A19103F-16F7-4668-BE54-9A1E7A4F7556}") = "IBM.Watson.PersonalityInsights.v3", "src\IBM.Watson.PersonalityInsights.v3\IBM.Watson.PersonalityInsights.v3.csproj", "{22570819-D3BE-4B2C-8306-2476C7208B57}"
EndProject
Project("{9A19103F-16F7-4668-BE54-9A1E7A4F7556}") = "IBM.Watson.SpeechToText.v1", "src\IBM.Watson.SpeechToText.v1\IBM.Watson.SpeechToText.v1.csproj", "{135D8742-67CD-4B41-99C3-5A2A8CC01414}"
EndProject
Project("{9A19103F-16F7-4668-BE54-9A1E7A4F7556}") = "IBM.Watson.TextToSpeech.v1", "src\IBM.Watson.TextToSpeech.v1\IBM.Watson.TextToSpeech.v1.csproj", "{27734A32-67BF-40F8-80C1-C190C028CE2A}"
EndProject
Project("{9A19103F-16F7-4668-BE54-9A1E7A4F7556}") = "IBM.Watson.ToneAnalyzer.v3", "src\IBM.Watson.ToneAnalyzer.v3\IBM.Watson.ToneAnalyzer.v3.csproj", "{5C9814ED-C456-4A7C-BCFD-D89AC9CA968D}"
EndProject
Project("{9A19103F-16F7-4668-BE54-9A1E7A4F7556}") = "IBM.Watson.VisualRecognition.v3", "src\IBM.Watson.VisualRecognition.v3\IBM.Watson.VisualRecognition.v3.csproj", "{F277821D-7271-41D9-B2DC-2408BAFF0FAF}"
EndProject
Project("{9A19103F-16F7-4668-BE54-9A1E7A4F7556}") = "IBM.Watson.NaturalLanguageClassifier.v1", "src\IBM.Watson.NaturalLanguageClassifier.v1\IBM.Watson.NaturalLanguageClassifier.v1.csproj", "{C86BD0C5-7FB4-402C-82AC-9E7676D82A6B}"
EndProject
Project("{2150E333-8FDC-42A3-9474-1A3956D46DE8}") = "Common", "Common", "{882BFF31-6729-459E-BCEB-556AD4CC31FA}"
EndProject
Project("{9A19103F-16F7-4668-BE54-9A1E7A4F7556}") = "IBM.Watson.Common", "src\IBM.Watson.Common\IBM.Watson.Common.csproj", "{8A4747E7-C4D9-4BBF-A395-893CDD402684}"
EndProject
Project("{9A19103F-16F7-4668-BE54-9A1E7A4F7556}") = "IBM.Watson.Assistant.v2.IntegrationTests", "test\Assistant.v2.IntegrationTests\IBM.Watson.Assistant.v2.IntegrationTests.csproj", "{3B164A8B-0472-40C9-ADB7-2E89D0313382}"
EndProject
Project("{9A19103F-16F7-4668-BE54-9A1E7A4F7556}") = "IBM.Watson.Assistant.v1.IntegrationTests", "test\Assistant.v1.IntegrationTests\IBM.Watson.Assistant.v1.IntegrationTests.csproj", "{8204EB2C-938D-4C16-BE60-15DA66F9D70C}"
EndProject
Project("{9A19103F-16F7-4668-BE54-9A1E7A4F7556}") = "IBM.Watson.IntegrationTests", "test\IBM.Watson.IntegrationTests\IBM.Watson.IntegrationTests.csproj", "{76EDAFFC-A536-40F3-B744-D894A5B28F46}"
EndProject
Global
	GlobalSection(SolutionConfigurationPlatforms) = preSolution
		Debug|Any CPU = Debug|Any CPU
		Release|Any CPU = Release|Any CPU
	EndGlobalSection
	GlobalSection(ProjectConfigurationPlatforms) = postSolution
		{A82EA32D-C38A-4C53-AA52-E97030544CEA}.Debug|Any CPU.ActiveCfg = Debug|Any CPU
		{A82EA32D-C38A-4C53-AA52-E97030544CEA}.Debug|Any CPU.Build.0 = Debug|Any CPU
		{A82EA32D-C38A-4C53-AA52-E97030544CEA}.Release|Any CPU.ActiveCfg = Release|Any CPU
		{A82EA32D-C38A-4C53-AA52-E97030544CEA}.Release|Any CPU.Build.0 = Release|Any CPU
		{B0329DC8-838D-4B9B-A4C3-56C9D3BFF36B}.Debug|Any CPU.ActiveCfg = Debug|Any CPU
		{B0329DC8-838D-4B9B-A4C3-56C9D3BFF36B}.Debug|Any CPU.Build.0 = Debug|Any CPU
		{B0329DC8-838D-4B9B-A4C3-56C9D3BFF36B}.Release|Any CPU.ActiveCfg = Release|Any CPU
		{B0329DC8-838D-4B9B-A4C3-56C9D3BFF36B}.Release|Any CPU.Build.0 = Release|Any CPU
		{88D22936-E120-4F07-9C3C-95C30EA0B41A}.Debug|Any CPU.ActiveCfg = Debug|Any CPU
		{88D22936-E120-4F07-9C3C-95C30EA0B41A}.Debug|Any CPU.Build.0 = Debug|Any CPU
		{88D22936-E120-4F07-9C3C-95C30EA0B41A}.Release|Any CPU.ActiveCfg = Release|Any CPU
		{88D22936-E120-4F07-9C3C-95C30EA0B41A}.Release|Any CPU.Build.0 = Release|Any CPU
		{24EAC6F5-013D-43B9-B523-8AE8D0AD3449}.Debug|Any CPU.ActiveCfg = Debug|Any CPU
		{24EAC6F5-013D-43B9-B523-8AE8D0AD3449}.Debug|Any CPU.Build.0 = Debug|Any CPU
		{24EAC6F5-013D-43B9-B523-8AE8D0AD3449}.Release|Any CPU.ActiveCfg = Release|Any CPU
		{24EAC6F5-013D-43B9-B523-8AE8D0AD3449}.Release|Any CPU.Build.0 = Release|Any CPU
		{C11732D7-2D12-4EA6-8D1C-E3629C65FB1A}.Debug|Any CPU.ActiveCfg = Debug|Any CPU
		{C11732D7-2D12-4EA6-8D1C-E3629C65FB1A}.Debug|Any CPU.Build.0 = Debug|Any CPU
		{C11732D7-2D12-4EA6-8D1C-E3629C65FB1A}.Release|Any CPU.ActiveCfg = Release|Any CPU
		{C11732D7-2D12-4EA6-8D1C-E3629C65FB1A}.Release|Any CPU.Build.0 = Release|Any CPU
		{559B3CB2-8AAD-4E8F-80C7-918DAE5AAC95}.Debug|Any CPU.ActiveCfg = Debug|Any CPU
		{559B3CB2-8AAD-4E8F-80C7-918DAE5AAC95}.Debug|Any CPU.Build.0 = Debug|Any CPU
		{559B3CB2-8AAD-4E8F-80C7-918DAE5AAC95}.Release|Any CPU.ActiveCfg = Release|Any CPU
		{559B3CB2-8AAD-4E8F-80C7-918DAE5AAC95}.Release|Any CPU.Build.0 = Release|Any CPU
		{22570819-D3BE-4B2C-8306-2476C7208B57}.Debug|Any CPU.ActiveCfg = Debug|Any CPU
		{22570819-D3BE-4B2C-8306-2476C7208B57}.Debug|Any CPU.Build.0 = Debug|Any CPU
		{22570819-D3BE-4B2C-8306-2476C7208B57}.Release|Any CPU.ActiveCfg = Release|Any CPU
		{22570819-D3BE-4B2C-8306-2476C7208B57}.Release|Any CPU.Build.0 = Release|Any CPU
		{135D8742-67CD-4B41-99C3-5A2A8CC01414}.Debug|Any CPU.ActiveCfg = Debug|Any CPU
		{135D8742-67CD-4B41-99C3-5A2A8CC01414}.Debug|Any CPU.Build.0 = Debug|Any CPU
		{135D8742-67CD-4B41-99C3-5A2A8CC01414}.Release|Any CPU.ActiveCfg = Release|Any CPU
		{135D8742-67CD-4B41-99C3-5A2A8CC01414}.Release|Any CPU.Build.0 = Release|Any CPU
		{27734A32-67BF-40F8-80C1-C190C028CE2A}.Debug|Any CPU.ActiveCfg = Debug|Any CPU
		{27734A32-67BF-40F8-80C1-C190C028CE2A}.Debug|Any CPU.Build.0 = Debug|Any CPU
		{27734A32-67BF-40F8-80C1-C190C028CE2A}.Release|Any CPU.ActiveCfg = Release|Any CPU
		{27734A32-67BF-40F8-80C1-C190C028CE2A}.Release|Any CPU.Build.0 = Release|Any CPU
		{5C9814ED-C456-4A7C-BCFD-D89AC9CA968D}.Debug|Any CPU.ActiveCfg = Debug|Any CPU
		{5C9814ED-C456-4A7C-BCFD-D89AC9CA968D}.Debug|Any CPU.Build.0 = Debug|Any CPU
		{5C9814ED-C456-4A7C-BCFD-D89AC9CA968D}.Release|Any CPU.ActiveCfg = Release|Any CPU
		{5C9814ED-C456-4A7C-BCFD-D89AC9CA968D}.Release|Any CPU.Build.0 = Release|Any CPU
		{F277821D-7271-41D9-B2DC-2408BAFF0FAF}.Debug|Any CPU.ActiveCfg = Debug|Any CPU
		{F277821D-7271-41D9-B2DC-2408BAFF0FAF}.Debug|Any CPU.Build.0 = Debug|Any CPU
		{F277821D-7271-41D9-B2DC-2408BAFF0FAF}.Release|Any CPU.ActiveCfg = Release|Any CPU
		{F277821D-7271-41D9-B2DC-2408BAFF0FAF}.Release|Any CPU.Build.0 = Release|Any CPU
		{C86BD0C5-7FB4-402C-82AC-9E7676D82A6B}.Debug|Any CPU.ActiveCfg = Debug|Any CPU
		{C86BD0C5-7FB4-402C-82AC-9E7676D82A6B}.Debug|Any CPU.Build.0 = Debug|Any CPU
		{C86BD0C5-7FB4-402C-82AC-9E7676D82A6B}.Release|Any CPU.ActiveCfg = Release|Any CPU
		{C86BD0C5-7FB4-402C-82AC-9E7676D82A6B}.Release|Any CPU.Build.0 = Release|Any CPU
		{8A4747E7-C4D9-4BBF-A395-893CDD402684}.Debug|Any CPU.ActiveCfg = Debug|Any CPU
		{8A4747E7-C4D9-4BBF-A395-893CDD402684}.Debug|Any CPU.Build.0 = Debug|Any CPU
		{8A4747E7-C4D9-4BBF-A395-893CDD402684}.Release|Any CPU.ActiveCfg = Release|Any CPU
		{8A4747E7-C4D9-4BBF-A395-893CDD402684}.Release|Any CPU.Build.0 = Release|Any CPU
		{3B164A8B-0472-40C9-ADB7-2E89D0313382}.Debug|Any CPU.ActiveCfg = Debug|Any CPU
		{3B164A8B-0472-40C9-ADB7-2E89D0313382}.Debug|Any CPU.Build.0 = Debug|Any CPU
		{3B164A8B-0472-40C9-ADB7-2E89D0313382}.Release|Any CPU.ActiveCfg = Release|Any CPU
		{3B164A8B-0472-40C9-ADB7-2E89D0313382}.Release|Any CPU.Build.0 = Release|Any CPU
		{8204EB2C-938D-4C16-BE60-15DA66F9D70C}.Debug|Any CPU.ActiveCfg = Debug|Any CPU
		{8204EB2C-938D-4C16-BE60-15DA66F9D70C}.Debug|Any CPU.Build.0 = Debug|Any CPU
		{8204EB2C-938D-4C16-BE60-15DA66F9D70C}.Release|Any CPU.ActiveCfg = Release|Any CPU
		{8204EB2C-938D-4C16-BE60-15DA66F9D70C}.Release|Any CPU.Build.0 = Release|Any CPU
	EndGlobalSection
	GlobalSection(SolutionProperties) = preSolution
		HideSolutionNode = FALSE
	EndGlobalSection
	GlobalSection(NestedProjects) = preSolution
		{A82EA32D-C38A-4C53-AA52-E97030544CEA} = {E3D238D7-7A09-4447-B836-8D6ABF4BFF80}
		{B0329DC8-838D-4B9B-A4C3-56C9D3BFF36B} = {90E09BF8-A647-43B8-B721-05CAECFADD72}
		{88D22936-E120-4F07-9C3C-95C30EA0B41A} = {B368DCF7-FB57-4302-8467-4EB142394A29}
		{24EAC6F5-013D-43B9-B523-8AE8D0AD3449} = {BE946662-3884-45E9-A3B1-B28F3081AD1B}
		{C11732D7-2D12-4EA6-8D1C-E3629C65FB1A} = {65D78D49-E54F-4952-A1D4-7C8D0EDAA1B3}
		{559B3CB2-8AAD-4E8F-80C7-918DAE5AAC95} = {89D715BF-7464-45FB-8DA0-9D7B46AB8C7F}
		{22570819-D3BE-4B2C-8306-2476C7208B57} = {D65AC99F-4E63-4362-8765-EB6F15838CA0}
		{135D8742-67CD-4B41-99C3-5A2A8CC01414} = {254924C9-64CD-4902-97C4-5F9E48DCDF7F}
		{27734A32-67BF-40F8-80C1-C190C028CE2A} = {A86D4D5B-AECE-49F2-A2BC-F6897B3EB2E8}
		{5C9814ED-C456-4A7C-BCFD-D89AC9CA968D} = {C7873F44-7188-49BE-84C5-532BE4E07147}
		{F277821D-7271-41D9-B2DC-2408BAFF0FAF} = {A1BC3262-1837-40D9-A530-DCFE679927C2}
		{C86BD0C5-7FB4-402C-82AC-9E7676D82A6B} = {5917402E-D9A2-4308-8A1A-9C0692939420}
		{8A4747E7-C4D9-4BBF-A395-893CDD402684} = {882BFF31-6729-459E-BCEB-556AD4CC31FA}
		{3B164A8B-0472-40C9-ADB7-2E89D0313382} = {90E09BF8-A647-43B8-B721-05CAECFADD72}
		{8204EB2C-938D-4C16-BE60-15DA66F9D70C} = {E3D238D7-7A09-4447-B836-8D6ABF4BFF80}
		{6377ADCA-93E5-42EC-A9AF-09DC3BF90416} = {B368DCF7-FB57-4302-8467-4EB142394A29}
		{4C5E75EE-63AE-4B26-AAFC-67D6B324F514} = {BE946662-3884-45E9-A3B1-B28F3081AD1B}
	EndGlobalSection
	GlobalSection(ExtensibilityGlobals) = postSolution
		SolutionGuid = {B9D9D17B-1C17-402F-B701-DC671528690A}
	EndGlobalSection
EndGlobal
