
Microsoft Visual Studio Solution File, Format Version 12.00
# Visual Studio 15
VisualStudioVersion = 15.0.27130.2036
MinimumVisualStudioVersion = 10.0.40219.1
Project("{2150E333-8FDC-42A3-9474-1A3956D46DE8}") = "SpeechToTextV1", "SpeechToTextV1", "{254924C9-64CD-4902-97C4-5F9E48DCDF7F}"
EndProject
Project("{2150E333-8FDC-42A3-9474-1A3956D46DE8}") = "TextToSpeechV1", "TextToSpeechV1", "{A86D4D5B-AECE-49F2-A2BC-F6897B3EB2E8}"
EndProject
Project("{2150E333-8FDC-42A3-9474-1A3956D46DE8}") = "ToneAnalyzerV3", "ToneAnalyzerV3", "{C7873F44-7188-49BE-84C5-532BE4E07147}"
EndProject
Project("{2150E333-8FDC-42A3-9474-1A3956D46DE8}") = "DiscoveryV1", "DiscoveryV1", "{BE946662-3884-45E9-A3B1-B28F3081AD1B}"
EndProject
Project("{2150E333-8FDC-42A3-9474-1A3956D46DE8}") = "VisualRecognitionV3", "VisualRecognitionV3", "{A1BC3262-1837-40D9-A530-DCFE679927C2}"
EndProject
Project("{2150E333-8FDC-42A3-9474-1A3956D46DE8}") = "PersonalityInsightsV3", "PersonalityInsightsV3", "{D65AC99F-4E63-4362-8765-EB6F15838CA0}"
EndProject
Project("{2150E333-8FDC-42A3-9474-1A3956D46DE8}") = "NaturalLanguageUnderstandingV1", "NaturalLanguageUnderstandingV1", "{89D715BF-7464-45FB-8DA0-9D7B46AB8C7F}"
EndProject
Project("{2150E333-8FDC-42A3-9474-1A3956D46DE8}") = "NaturalLanguageClassifierV1", "NaturalLanguageClassifierV1", "{5917402E-D9A2-4308-8A1A-9C0692939420}"
EndProject
Project("{2150E333-8FDC-42A3-9474-1A3956D46DE8}") = "AssistantV1", "AssistantV1", "{E3D238D7-7A09-4447-B836-8D6ABF4BFF80}"
EndProject
Project("{2150E333-8FDC-42A3-9474-1A3956D46DE8}") = "LanguageTranslatorV3", "LanguageTranslatorV3", "{65D78D49-E54F-4952-A1D4-7C8D0EDAA1B3}"
EndProject
Project("{2150E333-8FDC-42A3-9474-1A3956D46DE8}") = "AssistantV2", "AssistantV2", "{90E09BF8-A647-43B8-B721-05CAECFADD72}"
EndProject
Project("{2150E333-8FDC-42A3-9474-1A3956D46DE8}") = "CompareComplyV1", "CompareComplyV1", "{B368DCF7-FB57-4302-8467-4EB142394A29}"
EndProject
Project("{9A19103F-16F7-4668-BE54-9A1E7A4F7556}") = "IBM.Watson.Assistant.v1", "src\IBM.Watson.Assistant.v1\IBM.Watson.Assistant.v1.csproj", "{A82EA32D-C38A-4C53-AA52-E97030544CEA}"
EndProject
Project("{9A19103F-16F7-4668-BE54-9A1E7A4F7556}") = "IBM.Watson.Assistant.v2", "src\IBM.Watson.Assistant.v2\IBM.Watson.Assistant.v2.csproj", "{B0329DC8-838D-4B9B-A4C3-56C9D3BFF36B}"
EndProject
Project("{9A19103F-16F7-4668-BE54-9A1E7A4F7556}") = "IBM.Watson.CompareComply.v1", "src\IBM.Watson.CompareComply.v1\IBM.Watson.CompareComply.v1.csproj", "{88D22936-E120-4F07-9C3C-95C30EA0B41A}"
EndProject
Project("{9A19103F-16F7-4668-BE54-9A1E7A4F7556}") = "IBM.Watson.Discovery.v1", "src\IBM.Watson.Discovery.v1\IBM.Watson.Discovery.v1.csproj", "{24EAC6F5-013D-43B9-B523-8AE8D0AD3449}"
EndProject
Project("{9A19103F-16F7-4668-BE54-9A1E7A4F7556}") = "IBM.Watson.LanguageTranslator.v3", "src\IBM.Watson.LanguageTranslator.v3\IBM.Watson.LanguageTranslator.v3.csproj", "{C11732D7-2D12-4EA6-8D1C-E3629C65FB1A}"
EndProject
Project("{9A19103F-16F7-4668-BE54-9A1E7A4F7556}") = "IBM.Watson.NaturalLanguageUnderstanding.v1", "src\IBM.Watson.NaturalLanguageUnderstanding.v1\IBM.Watson.NaturalLanguageUnderstanding.v1.csproj", "{559B3CB2-8AAD-4E8F-80C7-918DAE5AAC95}"
EndProject
Project("{9A19103F-16F7-4668-BE54-9A1E7A4F7556}") = "IBM.Watson.PersonalityInsights.v3", "src\IBM.Watson.PersonalityInsights.v3\IBM.Watson.PersonalityInsights.v3.csproj", "{22570819-D3BE-4B2C-8306-2476C7208B57}"
EndProject
Project("{9A19103F-16F7-4668-BE54-9A1E7A4F7556}") = "IBM.Watson.SpeechToText.v1", "src\IBM.Watson.SpeechToText.v1\IBM.Watson.SpeechToText.v1.csproj", "{135D8742-67CD-4B41-99C3-5A2A8CC01414}"
EndProject
Project("{9A19103F-16F7-4668-BE54-9A1E7A4F7556}") = "IBM.Watson.TextToSpeech.v1", "src\IBM.Watson.TextToSpeech.v1\IBM.Watson.TextToSpeech.v1.csproj", "{27734A32-67BF-40F8-80C1-C190C028CE2A}"
EndProject
Project("{9A19103F-16F7-4668-BE54-9A1E7A4F7556}") = "IBM.Watson.ToneAnalyzer.v3", "src\IBM.Watson.ToneAnalyzer.v3\IBM.Watson.ToneAnalyzer.v3.csproj", "{5C9814ED-C456-4A7C-BCFD-D89AC9CA968D}"
EndProject
Project("{9A19103F-16F7-4668-BE54-9A1E7A4F7556}") = "IBM.Watson.VisualRecognition.v3", "src\IBM.Watson.VisualRecognition.v3\IBM.Watson.VisualRecognition.v3.csproj", "{F277821D-7271-41D9-B2DC-2408BAFF0FAF}"
EndProject
Project("{9A19103F-16F7-4668-BE54-9A1E7A4F7556}") = "IBM.Watson.Assistant.v2.Example", "examples\IBM.Watson.Assistant.v2.Example\IBM.Watson.Assistant.v2.Example.csproj", "{71C7CE02-AF22-4F05-A356-C0F861B36A7F}"
EndProject
Project("{9A19103F-16F7-4668-BE54-9A1E7A4F7556}") = "IBM.Watson.Discovery.v1.Example", "examples\IBM.Watson.Discovery.v1.Example\IBM.Watson.Discovery.v1.Example.csproj", "{534F42D6-0059-4738-9C5D-1505B5983606}"
EndProject
Project("{9A19103F-16F7-4668-BE54-9A1E7A4F7556}") = "IBM.Watson.LanguageTranslator.v3.Example", "examples\IBM.Watson.LanguageTranslator.v3.Example\IBM.Watson.LanguageTranslator.v3.Example.csproj", "{66938AB7-0CD8-4B97-9175-0B223C4646BD}"
EndProject
Project("{9A19103F-16F7-4668-BE54-9A1E7A4F7556}") = "IBM.Watson.NaturalLanguageUnderstanding.v1.Example", "examples\IBM.Watson.NaturalLanguageUnderstanding.v1.Ex\IBM.Watson.NaturalLanguageUnderstanding.v1.Example.csproj", "{EB4891D8-8D0D-45C4-859E-8561BE73153C}"
EndProject
Project("{9A19103F-16F7-4668-BE54-9A1E7A4F7556}") = "IBM.Watson.PersonalityInsights.v3.Example", "examples\IBM.Watson.PersonalityInsights.v3.Example\IBM.Watson.PersonalityInsights.v3.Example.csproj", "{863D2FFA-BDA7-4E65-8A6D-81DE12A1B174}"
EndProject
Project("{9A19103F-16F7-4668-BE54-9A1E7A4F7556}") = "IBM.Watson.SpeechToText.v1.Example", "examples\IBM.Watson.SpeechToText.v1.Example\IBM.Watson.SpeechToText.v1.Example.csproj", "{C4E4C3CC-DC5F-4F47-84F6-4425B65ECDAC}"
EndProject
Project("{9A19103F-16F7-4668-BE54-9A1E7A4F7556}") = "IBM.Watson.TextToSpeech.v1.Example", "examples\IBM.Watson.TextToSpeech.v1.Example\IBM.Watson.TextToSpeech.v1.Example.csproj", "{E19979CB-0E70-4A35-8E38-54F027791421}"
EndProject
Project("{9A19103F-16F7-4668-BE54-9A1E7A4F7556}") = "IBM.Watson.ToneAnalyzer.v3.Example", "examples\IBM.Watson.ToneAnalyzer.v3.Example\IBM.Watson.ToneAnalyzer.v3.Example.csproj", "{DB88869B-2791-4DBD-BB41-2521071705A7}"
EndProject
Project("{9A19103F-16F7-4668-BE54-9A1E7A4F7556}") = "IBM.Watson.VisualRecognition.v3.Example", "examples\IBM.Watson.VisualRecognition.v3.Example\IBM.Watson.VisualRecognition.v3.Example.csproj", "{603B658A-0CC5-4F35-A584-D5A2C6AA2F44}"
EndProject
Project("{9A19103F-16F7-4668-BE54-9A1E7A4F7556}") = "IBM.Watson.NaturalLanguageClassifier.v1", "src\IBM.Watson.NaturalLanguageClassifier.v1\IBM.Watson.NaturalLanguageClassifier.v1.csproj", "{C86BD0C5-7FB4-402C-82AC-9E7676D82A6B}"
EndProject
Project("{9A19103F-16F7-4668-BE54-9A1E7A4F7556}") = "IBM.Watson.Core.IntegrationTests", "test\Core.IntegrationTests\IBM.Watson.Core.IntegrationTests.csproj", "{B5F6FBBD-377D-4A38-B1C3-8DF393030CB5}"
EndProject
Project("{9A19103F-16F7-4668-BE54-9A1E7A4F7556}") = "IBM.Watson.Assistant.v1.IntegrationTests", "test\Assistant.v1.IntegrationTests\IBM.Watson.Assistant.v1.IntegrationTests.csproj", "{C6B739D4-B772-4EB3-89DF-FB733DC928E5}"
EndProject
Project("{9A19103F-16F7-4668-BE54-9A1E7A4F7556}") = "IBM.Watson.Assistant.v1.UnitTests", "test\Assistant.v1.UnitTests\IBM.Watson.Assistant.v1.UnitTests.csproj", "{C894F184-9D45-4213-ADC1-18990ADD1268}"
EndProject
Project("{9A19103F-16F7-4668-BE54-9A1E7A4F7556}") = "IBM.Watson.Assistant.v2.IntegrationTests", "test\Assistant.v2.IntegrationTests\IBM.Watson.Assistant.v2.IntegrationTests.csproj", "{B8CEBF68-48FD-43AE-BF47-C263D73B62F0}"
EndProject
Project("{9A19103F-16F7-4668-BE54-9A1E7A4F7556}") = "IBM.Watson.Assistant.v2.UnitTests", "test\Assistant.v2.UnitTests\IBM.Watson.Assistant.v2.UnitTests.csproj", "{EBEB53F9-BE97-4007-88F6-9852D22758EB}"
EndProject
Project("{9A19103F-16F7-4668-BE54-9A1E7A4F7556}") = "IBM.Watson.CompareComply.v1.IntegrationTests", "test\CompareComply.v1.IntegrationTests\IBM.Watson.CompareComply.v1.IntegrationTests.csproj", "{B5FB785A-FAFF-428C-8F34-4745C1E0FB8E}"
EndProject
Project("{9A19103F-16F7-4668-BE54-9A1E7A4F7556}") = "IBM.Watson.CompareComply.v1.UnitTests", "test\CompareComply.v1.UnitTests\IBM.Watson.CompareComply.v1.UnitTests.csproj", "{66288BB0-E3BF-4032-A0D7-2A05D6845F01}"
EndProject
Project("{9A19103F-16F7-4668-BE54-9A1E7A4F7556}") = "IBM.Watson.Discovery.v1.IntegrationTests", "test\Discovery.v1.IntegrationTests\IBM.Watson.Discovery.v1.IntegrationTests.csproj", "{6A19810D-F5D7-4CD2-BE07-48E5F551F81E}"
EndProject
Project("{9A19103F-16F7-4668-BE54-9A1E7A4F7556}") = "IBM.Watson.Discovery.v1.UnitTests", "test\Discovery.v1.UnitTests\IBM.Watson.Discovery.v1.UnitTests.csproj", "{6179F5F8-A9AD-4975-9BC0-7FE9F3645A96}"
EndProject
Project("{9A19103F-16F7-4668-BE54-9A1E7A4F7556}") = "IBM.Watson.LanguageTranslator.v3.IntegrationTests", "test\LanguageTranslator.v3.IntegrationTests\IBM.Watson.LanguageTranslator.v3.IntegrationTests.csproj", "{CAEF3737-CFC6-4086-927E-FB9C784095E5}"
EndProject
Project("{9A19103F-16F7-4668-BE54-9A1E7A4F7556}") = "IBM.Watson.LanguageTranslator.v3.UnitTests", "test\LanguageTranslator.v3.UnitTests\IBM.Watson.LanguageTranslator.v3.UnitTests.csproj", "{C0BD3D8C-3FA9-45C7-8B6D-0FDE2D16AE74}"
EndProject
Project("{9A19103F-16F7-4668-BE54-9A1E7A4F7556}") = "IBM.Watson.NaturalLanguageClassifier.v1.IntegrationTests", "test\NLC.v1.IntegrationTests\IBM.Watson.NaturalLanguageClassifier.v1.IntegrationTests.csproj", "{DF6717B6-C762-4377-8D61-48059C9139DE}"
EndProject
Project("{9A19103F-16F7-4668-BE54-9A1E7A4F7556}") = "IBM.Watson.NaturalLanguageUnderstanding.v1.IntegrationTests", "test\NLU.v1.IntegrationTests\IBM.Watson.NaturalLanguageUnderstanding.v1.IntegrationTests.csproj", "{6E521FF4-63CD-47D5-936E-E8471FFBB5C4}"
EndProject
Project("{9A19103F-16F7-4668-BE54-9A1E7A4F7556}") = "IBM.Watson.NaturalLanguageUnderstanding.v1.UnitTests", "test\NLU.v1.UnitTests\IBM.Watson.NaturalLanguageUnderstanding.v1.UnitTests.csproj", "{B481853E-9015-44BD-ABBE-6D39DCB6D451}"
EndProject
Project("{9A19103F-16F7-4668-BE54-9A1E7A4F7556}") = "IBM.Watson.PersonalityInsights.v3.IntegrationTests", "test\PersonalityInsights.v3.IntegrationTests\IBM.Watson.PersonalityInsights.v3.IntegrationTests.csproj", "{E4431D15-977F-4A48-A31F-5AE88329C0F1}"
EndProject
Project("{9A19103F-16F7-4668-BE54-9A1E7A4F7556}") = "IBM.Watson.PersonalityInsights.v3.UnitTests", "test\PersonalityInsights.v3.UnitTests\IBM.Watson.PersonalityInsights.v3.UnitTests.csproj", "{39AA76C2-6448-454B-BC5B-D00A8B43C754}"
EndProject
Project("{9A19103F-16F7-4668-BE54-9A1E7A4F7556}") = "IBM.Watson.SpeechToText.v1.IntegrationTests", "test\SpeechToText.v1.IntegrationTests\IBM.Watson.SpeechToText.v1.IntegrationTests.csproj", "{6A5E1360-720D-494B-80B3-59A68E1EA304}"
EndProject
Project("{9A19103F-16F7-4668-BE54-9A1E7A4F7556}") = "IBM.Watson.TextToSpeech.v1.IntegrationTests", "test\TextToSpeech.v1.IntegrationTests\IBM.Watson.TextToSpeech.v1.IntegrationTests.csproj", "{BA052966-0AB7-4423-9B0C-3191BFA6C7A7}"
EndProject
Project("{9A19103F-16F7-4668-BE54-9A1E7A4F7556}") = "IBM.Watson.ToneAnalyzer.v3.IntegrationTests", "test\ToneAnalyzer.v3.IntegrationTests\IBM.Watson.ToneAnalyzer.v3.IntegrationTests.csproj", "{3048FCC3-F233-450C-B12A-7EB33DEA0036}"
EndProject
Project("{9A19103F-16F7-4668-BE54-9A1E7A4F7556}") = "IBM.Watson.ToneAnalyzer.v3.UnitTests", "test\ToneAnalyzer.v3.UnitTests\IBM.Watson.ToneAnalyzer.v3.UnitTests.csproj", "{00C793B6-8364-482F-A13B-723599A87DD0}"
EndProject
Project("{9A19103F-16F7-4668-BE54-9A1E7A4F7556}") = "IBM.Watson.VisualRecognition.v3.IntegrationTests", "test\VisualRecognition.v3.IntegrationTests\IBM.Watson.VisualRecognition.v3.IntegrationTests.csproj", "{AF4FA238-32EB-4881-880A-386EA5DA3D05}"
EndProject
Global
	GlobalSection(SolutionConfigurationPlatforms) = preSolution
		Debug|Any CPU = Debug|Any CPU
		Release|Any CPU = Release|Any CPU
	EndGlobalSection
	GlobalSection(ProjectConfigurationPlatforms) = postSolution
		{A82EA32D-C38A-4C53-AA52-E97030544CEA}.Debug|Any CPU.ActiveCfg = Debug|Any CPU
		{A82EA32D-C38A-4C53-AA52-E97030544CEA}.Debug|Any CPU.Build.0 = Debug|Any CPU
		{A82EA32D-C38A-4C53-AA52-E97030544CEA}.Release|Any CPU.ActiveCfg = Release|Any CPU
		{A82EA32D-C38A-4C53-AA52-E97030544CEA}.Release|Any CPU.Build.0 = Release|Any CPU
		{B0329DC8-838D-4B9B-A4C3-56C9D3BFF36B}.Debug|Any CPU.ActiveCfg = Debug|Any CPU
		{B0329DC8-838D-4B9B-A4C3-56C9D3BFF36B}.Debug|Any CPU.Build.0 = Debug|Any CPU
		{B0329DC8-838D-4B9B-A4C3-56C9D3BFF36B}.Release|Any CPU.ActiveCfg = Release|Any CPU
		{B0329DC8-838D-4B9B-A4C3-56C9D3BFF36B}.Release|Any CPU.Build.0 = Release|Any CPU
		{88D22936-E120-4F07-9C3C-95C30EA0B41A}.Debug|Any CPU.ActiveCfg = Debug|Any CPU
		{88D22936-E120-4F07-9C3C-95C30EA0B41A}.Debug|Any CPU.Build.0 = Debug|Any CPU
		{88D22936-E120-4F07-9C3C-95C30EA0B41A}.Release|Any CPU.ActiveCfg = Release|Any CPU
		{88D22936-E120-4F07-9C3C-95C30EA0B41A}.Release|Any CPU.Build.0 = Release|Any CPU
		{24EAC6F5-013D-43B9-B523-8AE8D0AD3449}.Debug|Any CPU.ActiveCfg = Debug|Any CPU
		{24EAC6F5-013D-43B9-B523-8AE8D0AD3449}.Debug|Any CPU.Build.0 = Debug|Any CPU
		{24EAC6F5-013D-43B9-B523-8AE8D0AD3449}.Release|Any CPU.ActiveCfg = Release|Any CPU
		{24EAC6F5-013D-43B9-B523-8AE8D0AD3449}.Release|Any CPU.Build.0 = Release|Any CPU
		{C11732D7-2D12-4EA6-8D1C-E3629C65FB1A}.Debug|Any CPU.ActiveCfg = Debug|Any CPU
		{C11732D7-2D12-4EA6-8D1C-E3629C65FB1A}.Debug|Any CPU.Build.0 = Debug|Any CPU
		{C11732D7-2D12-4EA6-8D1C-E3629C65FB1A}.Release|Any CPU.ActiveCfg = Release|Any CPU
		{C11732D7-2D12-4EA6-8D1C-E3629C65FB1A}.Release|Any CPU.Build.0 = Release|Any CPU
		{559B3CB2-8AAD-4E8F-80C7-918DAE5AAC95}.Debug|Any CPU.ActiveCfg = Debug|Any CPU
		{559B3CB2-8AAD-4E8F-80C7-918DAE5AAC95}.Debug|Any CPU.Build.0 = Debug|Any CPU
		{559B3CB2-8AAD-4E8F-80C7-918DAE5AAC95}.Release|Any CPU.ActiveCfg = Release|Any CPU
		{559B3CB2-8AAD-4E8F-80C7-918DAE5AAC95}.Release|Any CPU.Build.0 = Release|Any CPU
		{22570819-D3BE-4B2C-8306-2476C7208B57}.Debug|Any CPU.ActiveCfg = Debug|Any CPU
		{22570819-D3BE-4B2C-8306-2476C7208B57}.Debug|Any CPU.Build.0 = Debug|Any CPU
		{22570819-D3BE-4B2C-8306-2476C7208B57}.Release|Any CPU.ActiveCfg = Release|Any CPU
		{22570819-D3BE-4B2C-8306-2476C7208B57}.Release|Any CPU.Build.0 = Release|Any CPU
		{135D8742-67CD-4B41-99C3-5A2A8CC01414}.Debug|Any CPU.ActiveCfg = Debug|Any CPU
		{135D8742-67CD-4B41-99C3-5A2A8CC01414}.Debug|Any CPU.Build.0 = Debug|Any CPU
		{135D8742-67CD-4B41-99C3-5A2A8CC01414}.Release|Any CPU.ActiveCfg = Release|Any CPU
		{135D8742-67CD-4B41-99C3-5A2A8CC01414}.Release|Any CPU.Build.0 = Release|Any CPU
		{27734A32-67BF-40F8-80C1-C190C028CE2A}.Debug|Any CPU.ActiveCfg = Debug|Any CPU
		{27734A32-67BF-40F8-80C1-C190C028CE2A}.Debug|Any CPU.Build.0 = Debug|Any CPU
		{27734A32-67BF-40F8-80C1-C190C028CE2A}.Release|Any CPU.ActiveCfg = Release|Any CPU
		{27734A32-67BF-40F8-80C1-C190C028CE2A}.Release|Any CPU.Build.0 = Release|Any CPU
		{5C9814ED-C456-4A7C-BCFD-D89AC9CA968D}.Debug|Any CPU.ActiveCfg = Debug|Any CPU
		{5C9814ED-C456-4A7C-BCFD-D89AC9CA968D}.Debug|Any CPU.Build.0 = Debug|Any CPU
		{5C9814ED-C456-4A7C-BCFD-D89AC9CA968D}.Release|Any CPU.ActiveCfg = Release|Any CPU
		{5C9814ED-C456-4A7C-BCFD-D89AC9CA968D}.Release|Any CPU.Build.0 = Release|Any CPU
		{F277821D-7271-41D9-B2DC-2408BAFF0FAF}.Debug|Any CPU.ActiveCfg = Debug|Any CPU
		{F277821D-7271-41D9-B2DC-2408BAFF0FAF}.Debug|Any CPU.Build.0 = Debug|Any CPU
		{F277821D-7271-41D9-B2DC-2408BAFF0FAF}.Release|Any CPU.ActiveCfg = Release|Any CPU
		{F277821D-7271-41D9-B2DC-2408BAFF0FAF}.Release|Any CPU.Build.0 = Release|Any CPU
		{71C7CE02-AF22-4F05-A356-C0F861B36A7F}.Debug|Any CPU.ActiveCfg = Debug|Any CPU
		{71C7CE02-AF22-4F05-A356-C0F861B36A7F}.Debug|Any CPU.Build.0 = Debug|Any CPU
		{71C7CE02-AF22-4F05-A356-C0F861B36A7F}.Release|Any CPU.ActiveCfg = Release|Any CPU
		{71C7CE02-AF22-4F05-A356-C0F861B36A7F}.Release|Any CPU.Build.0 = Release|Any CPU
		{534F42D6-0059-4738-9C5D-1505B5983606}.Debug|Any CPU.ActiveCfg = Debug|Any CPU
		{534F42D6-0059-4738-9C5D-1505B5983606}.Debug|Any CPU.Build.0 = Debug|Any CPU
		{534F42D6-0059-4738-9C5D-1505B5983606}.Release|Any CPU.ActiveCfg = Release|Any CPU
		{534F42D6-0059-4738-9C5D-1505B5983606}.Release|Any CPU.Build.0 = Release|Any CPU
		{66938AB7-0CD8-4B97-9175-0B223C4646BD}.Debug|Any CPU.ActiveCfg = Debug|Any CPU
		{66938AB7-0CD8-4B97-9175-0B223C4646BD}.Debug|Any CPU.Build.0 = Debug|Any CPU
		{66938AB7-0CD8-4B97-9175-0B223C4646BD}.Release|Any CPU.ActiveCfg = Release|Any CPU
		{66938AB7-0CD8-4B97-9175-0B223C4646BD}.Release|Any CPU.Build.0 = Release|Any CPU
		{EB4891D8-8D0D-45C4-859E-8561BE73153C}.Debug|Any CPU.ActiveCfg = Debug|Any CPU
		{EB4891D8-8D0D-45C4-859E-8561BE73153C}.Debug|Any CPU.Build.0 = Debug|Any CPU
		{EB4891D8-8D0D-45C4-859E-8561BE73153C}.Release|Any CPU.ActiveCfg = Release|Any CPU
		{EB4891D8-8D0D-45C4-859E-8561BE73153C}.Release|Any CPU.Build.0 = Release|Any CPU
		{863D2FFA-BDA7-4E65-8A6D-81DE12A1B174}.Debug|Any CPU.ActiveCfg = Debug|Any CPU
		{863D2FFA-BDA7-4E65-8A6D-81DE12A1B174}.Debug|Any CPU.Build.0 = Debug|Any CPU
		{863D2FFA-BDA7-4E65-8A6D-81DE12A1B174}.Release|Any CPU.ActiveCfg = Release|Any CPU
		{863D2FFA-BDA7-4E65-8A6D-81DE12A1B174}.Release|Any CPU.Build.0 = Release|Any CPU
		{C4E4C3CC-DC5F-4F47-84F6-4425B65ECDAC}.Debug|Any CPU.ActiveCfg = Debug|Any CPU
		{C4E4C3CC-DC5F-4F47-84F6-4425B65ECDAC}.Debug|Any CPU.Build.0 = Debug|Any CPU
		{C4E4C3CC-DC5F-4F47-84F6-4425B65ECDAC}.Release|Any CPU.ActiveCfg = Release|Any CPU
		{C4E4C3CC-DC5F-4F47-84F6-4425B65ECDAC}.Release|Any CPU.Build.0 = Release|Any CPU
		{E19979CB-0E70-4A35-8E38-54F027791421}.Debug|Any CPU.ActiveCfg = Debug|Any CPU
		{E19979CB-0E70-4A35-8E38-54F027791421}.Debug|Any CPU.Build.0 = Debug|Any CPU
		{E19979CB-0E70-4A35-8E38-54F027791421}.Release|Any CPU.ActiveCfg = Release|Any CPU
		{E19979CB-0E70-4A35-8E38-54F027791421}.Release|Any CPU.Build.0 = Release|Any CPU
		{DB88869B-2791-4DBD-BB41-2521071705A7}.Debug|Any CPU.ActiveCfg = Debug|Any CPU
		{DB88869B-2791-4DBD-BB41-2521071705A7}.Debug|Any CPU.Build.0 = Debug|Any CPU
		{DB88869B-2791-4DBD-BB41-2521071705A7}.Release|Any CPU.ActiveCfg = Release|Any CPU
		{DB88869B-2791-4DBD-BB41-2521071705A7}.Release|Any CPU.Build.0 = Release|Any CPU
		{603B658A-0CC5-4F35-A584-D5A2C6AA2F44}.Debug|Any CPU.ActiveCfg = Debug|Any CPU
		{603B658A-0CC5-4F35-A584-D5A2C6AA2F44}.Debug|Any CPU.Build.0 = Debug|Any CPU
		{603B658A-0CC5-4F35-A584-D5A2C6AA2F44}.Release|Any CPU.ActiveCfg = Release|Any CPU
		{603B658A-0CC5-4F35-A584-D5A2C6AA2F44}.Release|Any CPU.Build.0 = Release|Any CPU
		{C86BD0C5-7FB4-402C-82AC-9E7676D82A6B}.Debug|Any CPU.ActiveCfg = Debug|Any CPU
		{C86BD0C5-7FB4-402C-82AC-9E7676D82A6B}.Debug|Any CPU.Build.0 = Debug|Any CPU
		{C86BD0C5-7FB4-402C-82AC-9E7676D82A6B}.Release|Any CPU.ActiveCfg = Release|Any CPU
		{C86BD0C5-7FB4-402C-82AC-9E7676D82A6B}.Release|Any CPU.Build.0 = Release|Any CPU
		{B5F6FBBD-377D-4A38-B1C3-8DF393030CB5}.Debug|Any CPU.ActiveCfg = Debug|Any CPU
		{B5F6FBBD-377D-4A38-B1C3-8DF393030CB5}.Debug|Any CPU.Build.0 = Debug|Any CPU
		{B5F6FBBD-377D-4A38-B1C3-8DF393030CB5}.Release|Any CPU.ActiveCfg = Release|Any CPU
		{B5F6FBBD-377D-4A38-B1C3-8DF393030CB5}.Release|Any CPU.Build.0 = Release|Any CPU
		{C6B739D4-B772-4EB3-89DF-FB733DC928E5}.Debug|Any CPU.ActiveCfg = Debug|Any CPU
		{C6B739D4-B772-4EB3-89DF-FB733DC928E5}.Debug|Any CPU.Build.0 = Debug|Any CPU
		{C6B739D4-B772-4EB3-89DF-FB733DC928E5}.Release|Any CPU.ActiveCfg = Release|Any CPU
		{C6B739D4-B772-4EB3-89DF-FB733DC928E5}.Release|Any CPU.Build.0 = Release|Any CPU
		{C894F184-9D45-4213-ADC1-18990ADD1268}.Debug|Any CPU.ActiveCfg = Debug|Any CPU
		{C894F184-9D45-4213-ADC1-18990ADD1268}.Debug|Any CPU.Build.0 = Debug|Any CPU
		{C894F184-9D45-4213-ADC1-18990ADD1268}.Release|Any CPU.ActiveCfg = Release|Any CPU
		{C894F184-9D45-4213-ADC1-18990ADD1268}.Release|Any CPU.Build.0 = Release|Any CPU
		{B8CEBF68-48FD-43AE-BF47-C263D73B62F0}.Debug|Any CPU.ActiveCfg = Debug|Any CPU
		{B8CEBF68-48FD-43AE-BF47-C263D73B62F0}.Debug|Any CPU.Build.0 = Debug|Any CPU
		{B8CEBF68-48FD-43AE-BF47-C263D73B62F0}.Release|Any CPU.ActiveCfg = Release|Any CPU
		{B8CEBF68-48FD-43AE-BF47-C263D73B62F0}.Release|Any CPU.Build.0 = Release|Any CPU
		{EBEB53F9-BE97-4007-88F6-9852D22758EB}.Debug|Any CPU.ActiveCfg = Debug|Any CPU
		{EBEB53F9-BE97-4007-88F6-9852D22758EB}.Debug|Any CPU.Build.0 = Debug|Any CPU
		{EBEB53F9-BE97-4007-88F6-9852D22758EB}.Release|Any CPU.ActiveCfg = Release|Any CPU
		{EBEB53F9-BE97-4007-88F6-9852D22758EB}.Release|Any CPU.Build.0 = Release|Any CPU
		{B5FB785A-FAFF-428C-8F34-4745C1E0FB8E}.Debug|Any CPU.ActiveCfg = Debug|Any CPU
		{B5FB785A-FAFF-428C-8F34-4745C1E0FB8E}.Debug|Any CPU.Build.0 = Debug|Any CPU
		{B5FB785A-FAFF-428C-8F34-4745C1E0FB8E}.Release|Any CPU.ActiveCfg = Release|Any CPU
		{B5FB785A-FAFF-428C-8F34-4745C1E0FB8E}.Release|Any CPU.Build.0 = Release|Any CPU
		{66288BB0-E3BF-4032-A0D7-2A05D6845F01}.Debug|Any CPU.ActiveCfg = Debug|Any CPU
		{66288BB0-E3BF-4032-A0D7-2A05D6845F01}.Debug|Any CPU.Build.0 = Debug|Any CPU
		{66288BB0-E3BF-4032-A0D7-2A05D6845F01}.Release|Any CPU.ActiveCfg = Release|Any CPU
		{66288BB0-E3BF-4032-A0D7-2A05D6845F01}.Release|Any CPU.Build.0 = Release|Any CPU
		{6A19810D-F5D7-4CD2-BE07-48E5F551F81E}.Debug|Any CPU.ActiveCfg = Debug|Any CPU
		{6A19810D-F5D7-4CD2-BE07-48E5F551F81E}.Debug|Any CPU.Build.0 = Debug|Any CPU
		{6A19810D-F5D7-4CD2-BE07-48E5F551F81E}.Release|Any CPU.ActiveCfg = Release|Any CPU
		{6A19810D-F5D7-4CD2-BE07-48E5F551F81E}.Release|Any CPU.Build.0 = Release|Any CPU
		{6179F5F8-A9AD-4975-9BC0-7FE9F3645A96}.Debug|Any CPU.ActiveCfg = Debug|Any CPU
		{6179F5F8-A9AD-4975-9BC0-7FE9F3645A96}.Debug|Any CPU.Build.0 = Debug|Any CPU
		{6179F5F8-A9AD-4975-9BC0-7FE9F3645A96}.Release|Any CPU.ActiveCfg = Release|Any CPU
		{6179F5F8-A9AD-4975-9BC0-7FE9F3645A96}.Release|Any CPU.Build.0 = Release|Any CPU
		{CAEF3737-CFC6-4086-927E-FB9C784095E5}.Debug|Any CPU.ActiveCfg = Debug|Any CPU
		{CAEF3737-CFC6-4086-927E-FB9C784095E5}.Debug|Any CPU.Build.0 = Debug|Any CPU
		{CAEF3737-CFC6-4086-927E-FB9C784095E5}.Release|Any CPU.ActiveCfg = Release|Any CPU
		{CAEF3737-CFC6-4086-927E-FB9C784095E5}.Release|Any CPU.Build.0 = Release|Any CPU
		{C0BD3D8C-3FA9-45C7-8B6D-0FDE2D16AE74}.Debug|Any CPU.ActiveCfg = Debug|Any CPU
		{C0BD3D8C-3FA9-45C7-8B6D-0FDE2D16AE74}.Debug|Any CPU.Build.0 = Debug|Any CPU
		{C0BD3D8C-3FA9-45C7-8B6D-0FDE2D16AE74}.Release|Any CPU.ActiveCfg = Release|Any CPU
		{C0BD3D8C-3FA9-45C7-8B6D-0FDE2D16AE74}.Release|Any CPU.Build.0 = Release|Any CPU
		{DF6717B6-C762-4377-8D61-48059C9139DE}.Debug|Any CPU.ActiveCfg = Debug|Any CPU
		{DF6717B6-C762-4377-8D61-48059C9139DE}.Debug|Any CPU.Build.0 = Debug|Any CPU
		{DF6717B6-C762-4377-8D61-48059C9139DE}.Release|Any CPU.ActiveCfg = Release|Any CPU
		{DF6717B6-C762-4377-8D61-48059C9139DE}.Release|Any CPU.Build.0 = Release|Any CPU
		{6E521FF4-63CD-47D5-936E-E8471FFBB5C4}.Debug|Any CPU.ActiveCfg = Debug|Any CPU
		{6E521FF4-63CD-47D5-936E-E8471FFBB5C4}.Debug|Any CPU.Build.0 = Debug|Any CPU
		{6E521FF4-63CD-47D5-936E-E8471FFBB5C4}.Release|Any CPU.ActiveCfg = Release|Any CPU
		{6E521FF4-63CD-47D5-936E-E8471FFBB5C4}.Release|Any CPU.Build.0 = Release|Any CPU
		{B481853E-9015-44BD-ABBE-6D39DCB6D451}.Debug|Any CPU.ActiveCfg = Debug|Any CPU
		{B481853E-9015-44BD-ABBE-6D39DCB6D451}.Debug|Any CPU.Build.0 = Debug|Any CPU
		{B481853E-9015-44BD-ABBE-6D39DCB6D451}.Release|Any CPU.ActiveCfg = Release|Any CPU
		{B481853E-9015-44BD-ABBE-6D39DCB6D451}.Release|Any CPU.Build.0 = Release|Any CPU
		{E4431D15-977F-4A48-A31F-5AE88329C0F1}.Debug|Any CPU.ActiveCfg = Debug|Any CPU
		{E4431D15-977F-4A48-A31F-5AE88329C0F1}.Debug|Any CPU.Build.0 = Debug|Any CPU
		{E4431D15-977F-4A48-A31F-5AE88329C0F1}.Release|Any CPU.ActiveCfg = Release|Any CPU
		{E4431D15-977F-4A48-A31F-5AE88329C0F1}.Release|Any CPU.Build.0 = Release|Any CPU
		{39AA76C2-6448-454B-BC5B-D00A8B43C754}.Debug|Any CPU.ActiveCfg = Debug|Any CPU
		{39AA76C2-6448-454B-BC5B-D00A8B43C754}.Debug|Any CPU.Build.0 = Debug|Any CPU
		{39AA76C2-6448-454B-BC5B-D00A8B43C754}.Release|Any CPU.ActiveCfg = Release|Any CPU
		{39AA76C2-6448-454B-BC5B-D00A8B43C754}.Release|Any CPU.Build.0 = Release|Any CPU
		{6A5E1360-720D-494B-80B3-59A68E1EA304}.Debug|Any CPU.ActiveCfg = Debug|Any CPU
		{6A5E1360-720D-494B-80B3-59A68E1EA304}.Debug|Any CPU.Build.0 = Debug|Any CPU
		{6A5E1360-720D-494B-80B3-59A68E1EA304}.Release|Any CPU.ActiveCfg = Release|Any CPU
		{6A5E1360-720D-494B-80B3-59A68E1EA304}.Release|Any CPU.Build.0 = Release|Any CPU
		{BA052966-0AB7-4423-9B0C-3191BFA6C7A7}.Debug|Any CPU.ActiveCfg = Debug|Any CPU
		{BA052966-0AB7-4423-9B0C-3191BFA6C7A7}.Debug|Any CPU.Build.0 = Debug|Any CPU
		{BA052966-0AB7-4423-9B0C-3191BFA6C7A7}.Release|Any CPU.ActiveCfg = Release|Any CPU
		{BA052966-0AB7-4423-9B0C-3191BFA6C7A7}.Release|Any CPU.Build.0 = Release|Any CPU
		{3048FCC3-F233-450C-B12A-7EB33DEA0036}.Debug|Any CPU.ActiveCfg = Debug|Any CPU
		{3048FCC3-F233-450C-B12A-7EB33DEA0036}.Debug|Any CPU.Build.0 = Debug|Any CPU
		{3048FCC3-F233-450C-B12A-7EB33DEA0036}.Release|Any CPU.ActiveCfg = Release|Any CPU
		{3048FCC3-F233-450C-B12A-7EB33DEA0036}.Release|Any CPU.Build.0 = Release|Any CPU
		{00C793B6-8364-482F-A13B-723599A87DD0}.Debug|Any CPU.ActiveCfg = Debug|Any CPU
		{00C793B6-8364-482F-A13B-723599A87DD0}.Debug|Any CPU.Build.0 = Debug|Any CPU
		{00C793B6-8364-482F-A13B-723599A87DD0}.Release|Any CPU.ActiveCfg = Release|Any CPU
		{00C793B6-8364-482F-A13B-723599A87DD0}.Release|Any CPU.Build.0 = Release|Any CPU
		{AF4FA238-32EB-4881-880A-386EA5DA3D05}.Debug|Any CPU.ActiveCfg = Debug|Any CPU
		{AF4FA238-32EB-4881-880A-386EA5DA3D05}.Debug|Any CPU.Build.0 = Debug|Any CPU
		{AF4FA238-32EB-4881-880A-386EA5DA3D05}.Release|Any CPU.ActiveCfg = Release|Any CPU
		{AF4FA238-32EB-4881-880A-386EA5DA3D05}.Release|Any CPU.Build.0 = Release|Any CPU
	EndGlobalSection
	GlobalSection(SolutionProperties) = preSolution
		HideSolutionNode = FALSE
	EndGlobalSection
	GlobalSection(NestedProjects) = preSolution
		{A82EA32D-C38A-4C53-AA52-E97030544CEA} = {E3D238D7-7A09-4447-B836-8D6ABF4BFF80}
		{B0329DC8-838D-4B9B-A4C3-56C9D3BFF36B} = {90E09BF8-A647-43B8-B721-05CAECFADD72}
		{88D22936-E120-4F07-9C3C-95C30EA0B41A} = {B368DCF7-FB57-4302-8467-4EB142394A29}
		{24EAC6F5-013D-43B9-B523-8AE8D0AD3449} = {BE946662-3884-45E9-A3B1-B28F3081AD1B}
		{C11732D7-2D12-4EA6-8D1C-E3629C65FB1A} = {65D78D49-E54F-4952-A1D4-7C8D0EDAA1B3}
		{559B3CB2-8AAD-4E8F-80C7-918DAE5AAC95} = {89D715BF-7464-45FB-8DA0-9D7B46AB8C7F}
		{22570819-D3BE-4B2C-8306-2476C7208B57} = {D65AC99F-4E63-4362-8765-EB6F15838CA0}
		{135D8742-67CD-4B41-99C3-5A2A8CC01414} = {254924C9-64CD-4902-97C4-5F9E48DCDF7F}
		{27734A32-67BF-40F8-80C1-C190C028CE2A} = {A86D4D5B-AECE-49F2-A2BC-F6897B3EB2E8}
		{5C9814ED-C456-4A7C-BCFD-D89AC9CA968D} = {C7873F44-7188-49BE-84C5-532BE4E07147}
		{F277821D-7271-41D9-B2DC-2408BAFF0FAF} = {A1BC3262-1837-40D9-A530-DCFE679927C2}
		{71C7CE02-AF22-4F05-A356-C0F861B36A7F} = {90E09BF8-A647-43B8-B721-05CAECFADD72}
		{534F42D6-0059-4738-9C5D-1505B5983606} = {BE946662-3884-45E9-A3B1-B28F3081AD1B}
		{66938AB7-0CD8-4B97-9175-0B223C4646BD} = {65D78D49-E54F-4952-A1D4-7C8D0EDAA1B3}
		{EB4891D8-8D0D-45C4-859E-8561BE73153C} = {89D715BF-7464-45FB-8DA0-9D7B46AB8C7F}
		{863D2FFA-BDA7-4E65-8A6D-81DE12A1B174} = {D65AC99F-4E63-4362-8765-EB6F15838CA0}
		{C4E4C3CC-DC5F-4F47-84F6-4425B65ECDAC} = {254924C9-64CD-4902-97C4-5F9E48DCDF7F}
		{E19979CB-0E70-4A35-8E38-54F027791421} = {A86D4D5B-AECE-49F2-A2BC-F6897B3EB2E8}
		{DB88869B-2791-4DBD-BB41-2521071705A7} = {C7873F44-7188-49BE-84C5-532BE4E07147}
		{603B658A-0CC5-4F35-A584-D5A2C6AA2F44} = {A1BC3262-1837-40D9-A530-DCFE679927C2}
		{C86BD0C5-7FB4-402C-82AC-9E7676D82A6B} = {5917402E-D9A2-4308-8A1A-9C0692939420}
		{C6B739D4-B772-4EB3-89DF-FB733DC928E5} = {E3D238D7-7A09-4447-B836-8D6ABF4BFF80}
		{C894F184-9D45-4213-ADC1-18990ADD1268} = {E3D238D7-7A09-4447-B836-8D6ABF4BFF80}
		{B8CEBF68-48FD-43AE-BF47-C263D73B62F0} = {90E09BF8-A647-43B8-B721-05CAECFADD72}
		{EBEB53F9-BE97-4007-88F6-9852D22758EB} = {90E09BF8-A647-43B8-B721-05CAECFADD72}
		{B5FB785A-FAFF-428C-8F34-4745C1E0FB8E} = {B368DCF7-FB57-4302-8467-4EB142394A29}
		{66288BB0-E3BF-4032-A0D7-2A05D6845F01} = {B368DCF7-FB57-4302-8467-4EB142394A29}
		{6A19810D-F5D7-4CD2-BE07-48E5F551F81E} = {BE946662-3884-45E9-A3B1-B28F3081AD1B}
		{6179F5F8-A9AD-4975-9BC0-7FE9F3645A96} = {BE946662-3884-45E9-A3B1-B28F3081AD1B}
		{CAEF3737-CFC6-4086-927E-FB9C784095E5} = {65D78D49-E54F-4952-A1D4-7C8D0EDAA1B3}
		{C0BD3D8C-3FA9-45C7-8B6D-0FDE2D16AE74} = {65D78D49-E54F-4952-A1D4-7C8D0EDAA1B3}
		{DF6717B6-C762-4377-8D61-48059C9139DE} = {5917402E-D9A2-4308-8A1A-9C0692939420}
		{6E521FF4-63CD-47D5-936E-E8471FFBB5C4} = {89D715BF-7464-45FB-8DA0-9D7B46AB8C7F}
		{B481853E-9015-44BD-ABBE-6D39DCB6D451} = {89D715BF-7464-45FB-8DA0-9D7B46AB8C7F}
		{E4431D15-977F-4A48-A31F-5AE88329C0F1} = {D65AC99F-4E63-4362-8765-EB6F15838CA0}
		{39AA76C2-6448-454B-BC5B-D00A8B43C754} = {D65AC99F-4E63-4362-8765-EB6F15838CA0}
		{6A5E1360-720D-494B-80B3-59A68E1EA304} = {254924C9-64CD-4902-97C4-5F9E48DCDF7F}
		{BA052966-0AB7-4423-9B0C-3191BFA6C7A7} = {A86D4D5B-AECE-49F2-A2BC-F6897B3EB2E8}
		{3048FCC3-F233-450C-B12A-7EB33DEA0036} = {C7873F44-7188-49BE-84C5-532BE4E07147}
		{00C793B6-8364-482F-A13B-723599A87DD0} = {C7873F44-7188-49BE-84C5-532BE4E07147}
		{AF4FA238-32EB-4881-880A-386EA5DA3D05} = {A1BC3262-1837-40D9-A530-DCFE679927C2}
	EndGlobalSection
	GlobalSection(ExtensibilityGlobals) = postSolution
		SolutionGuid = {B9D9D17B-1C17-402F-B701-DC671528690A}
	EndGlobalSection
EndGlobal
